
Microsoft Visual Studio Solution File, Format Version 12.00
# Visual Studio Version 16
VisualStudioVersion = 16.0.31129.286
MinimumVisualStudioVersion = 10.0.40219.1
Project("{FAE04EC0-301F-11D3-BF4B-00C04F79EFBC}") = "MR2_OOP", "MR2_OOP\MR2_OOP.csproj", "{F65D1143-65AC-4311-86DE-0BC8A89C2D52}"
EndProject
Global
	GlobalSection(SolutionConfigurationPlatforms) = preSolution
		Debug|Any CPU = Debug|Any CPU
		Release|Any CPU = Release|Any CPU
	EndGlobalSection
	GlobalSection(ProjectConfigurationPlatforms) = postSolution
		{F65D1143-65AC-4311-86DE-0BC8A89C2D52}.Debug|Any CPU.ActiveCfg = Debug|Any CPU
		{F65D1143-65AC-4311-86DE-0BC8A89C2D52}.Debug|Any CPU.Build.0 = Debug|Any CPU
		{F65D1143-65AC-4311-86DE-0BC8A89C2D52}.Release|Any CPU.ActiveCfg = Release|Any CPU
		{F65D1143-65AC-4311-86DE-0BC8A89C2D52}.Release|Any CPU.Build.0 = Release|Any CPU
	EndGlobalSection
	GlobalSection(SolutionProperties) = preSolution
		HideSolutionNode = FALSE
	EndGlobalSection
	GlobalSection(ExtensibilityGlobals) = postSolution
		SolutionGuid = {AAF1968A-4523-4C4B-B311-A054EF9D1C70}
	EndGlobalSection
EndGlobal
